
Microsoft Visual Studio Solution File, Format Version 12.00
# Visual Studio Version 17
VisualStudioVersion = 17.4.33213.308
MinimumVisualStudioVersion = 10.0.40219.1
Project("{FAE04EC0-301F-11D3-BF4B-00C04F79EFBC}") = "Lab4_V2", "Lab4_V2.csproj", "{6EC410DF-FDFB-4C33-B31F-6CEBBB2390BB}"
EndProject
Global
	GlobalSection(SolutionConfigurationPlatforms) = preSolution
		Debug|Any CPU = Debug|Any CPU
		Release|Any CPU = Release|Any CPU
	EndGlobalSection
	GlobalSection(ProjectConfigurationPlatforms) = postSolution
		{6EC410DF-FDFB-4C33-B31F-6CEBBB2390BB}.Debug|Any CPU.ActiveCfg = Debug|Any CPU
		{6EC410DF-FDFB-4C33-B31F-6CEBBB2390BB}.Debug|Any CPU.Build.0 = Debug|Any CPU
		{6EC410DF-FDFB-4C33-B31F-6CEBBB2390BB}.Release|Any CPU.ActiveCfg = Release|Any CPU
		{6EC410DF-FDFB-4C33-B31F-6CEBBB2390BB}.Release|Any CPU.Build.0 = Release|Any CPU
	EndGlobalSection
	GlobalSection(SolutionProperties) = preSolution
		HideSolutionNode = FALSE
	EndGlobalSection
	GlobalSection(ExtensibilityGlobals) = postSolution
		SolutionGuid = {85FB42F2-53FE-4861-BD7F-9D2EBEC913C4}
	EndGlobalSection
EndGlobal
