
Microsoft Visual Studio Solution File, Format Version 12.00
# Visual Studio Version 17
VisualStudioVersion = 17.4.33213.308
MinimumVisualStudioVersion = 10.0.40219.1
Project("{FAE04EC0-301F-11D3-BF4B-00C04F79EFBC}") = "LabSix", "LabSix.csproj", "{12EF1B89-2E35-47EF-82F1-A497BF6DDA05}"
EndProject
Global
	GlobalSection(SolutionConfigurationPlatforms) = preSolution
		Debug|Any CPU = Debug|Any CPU
		Release|Any CPU = Release|Any CPU
	EndGlobalSection
	GlobalSection(ProjectConfigurationPlatforms) = postSolution
		{12EF1B89-2E35-47EF-82F1-A497BF6DDA05}.Debug|Any CPU.ActiveCfg = Debug|Any CPU
		{12EF1B89-2E35-47EF-82F1-A497BF6DDA05}.Debug|Any CPU.Build.0 = Debug|Any CPU
		{12EF1B89-2E35-47EF-82F1-A497BF6DDA05}.Release|Any CPU.ActiveCfg = Release|Any CPU
		{12EF1B89-2E35-47EF-82F1-A497BF6DDA05}.Release|Any CPU.Build.0 = Release|Any CPU
	EndGlobalSection
	GlobalSection(SolutionProperties) = preSolution
		HideSolutionNode = FALSE
	EndGlobalSection
	GlobalSection(ExtensibilityGlobals) = postSolution
		SolutionGuid = {38EDD9BA-B22A-44E8-8932-7D2E058FD54A}
	EndGlobalSection
EndGlobal
