
Microsoft Visual Studio Solution File, Format Version 12.00
# Visual Studio Version 17
VisualStudioVersion = 17.4.33403.182
MinimumVisualStudioVersion = 10.0.40219.1
Project("{FAE04EC0-301F-11D3-BF4B-00C04F79EFBC}") = "Lab3_V3.5", "Lab3_V3.5\Lab3_V3.5.csproj", "{EFA31722-EC3A-4CC2-8ED3-0C9ADC843C87}"
EndProject
Global
	GlobalSection(SolutionConfigurationPlatforms) = preSolution
		Debug|Any CPU = Debug|Any CPU
		Release|Any CPU = Release|Any CPU
	EndGlobalSection
	GlobalSection(ProjectConfigurationPlatforms) = postSolution
		{EFA31722-EC3A-4CC2-8ED3-0C9ADC843C87}.Debug|Any CPU.ActiveCfg = Debug|Any CPU
		{EFA31722-EC3A-4CC2-8ED3-0C9ADC843C87}.Debug|Any CPU.Build.0 = Debug|Any CPU
		{EFA31722-EC3A-4CC2-8ED3-0C9ADC843C87}.Release|Any CPU.ActiveCfg = Release|Any CPU
		{EFA31722-EC3A-4CC2-8ED3-0C9ADC843C87}.Release|Any CPU.Build.0 = Release|Any CPU
	EndGlobalSection
	GlobalSection(SolutionProperties) = preSolution
		HideSolutionNode = FALSE
	EndGlobalSection
	GlobalSection(ExtensibilityGlobals) = postSolution
		SolutionGuid = {B3439BA4-31E3-4A6A-B641-68785DB1C290}
	EndGlobalSection
EndGlobal
